
Microsoft Visual Studio Solution File, Format Version 12.00
# Visual Studio 14
VisualStudioVersion = 14.0.25420.1
MinimumVisualStudioVersion = 10.0.40219.1
Project("{FAE04EC0-301F-11D3-BF4B-00C04F79EFBC}") = "self_ComboBoxTree", "self_ComboBoxTree\self_ComboBoxTree.csproj", "{A63C173A-D1E2-4F7F-9709-5DC308536151}"
EndProject
Project("{FAE04EC0-301F-11D3-BF4B-00C04F79EFBC}") = "ComboBoxTree", "ComboBoxTree\ComboBoxTree.csproj", "{1584E999-76E5-4F93-BE3D-C2ED622C92FF}"
EndProject
Global
	GlobalSection(SolutionConfigurationPlatforms) = preSolution
		Debug|Any CPU = Debug|Any CPU
		Release|Any CPU = Release|Any CPU
	EndGlobalSection
	GlobalSection(ProjectConfigurationPlatforms) = postSolution
		{A63C173A-D1E2-4F7F-9709-5DC308536151}.Debug|Any CPU.ActiveCfg = Debug|Any CPU
		{A63C173A-D1E2-4F7F-9709-5DC308536151}.Debug|Any CPU.Build.0 = Debug|Any CPU
		{A63C173A-D1E2-4F7F-9709-5DC308536151}.Release|Any CPU.ActiveCfg = Release|Any CPU
		{A63C173A-D1E2-4F7F-9709-5DC308536151}.Release|Any CPU.Build.0 = Release|Any CPU
		{1584E999-76E5-4F93-BE3D-C2ED622C92FF}.Debug|Any CPU.ActiveCfg = Debug|Any CPU
		{1584E999-76E5-4F93-BE3D-C2ED622C92FF}.Debug|Any CPU.Build.0 = Debug|Any CPU
		{1584E999-76E5-4F93-BE3D-C2ED622C92FF}.Release|Any CPU.ActiveCfg = Release|Any CPU
		{1584E999-76E5-4F93-BE3D-C2ED622C92FF}.Release|Any CPU.Build.0 = Release|Any CPU
	EndGlobalSection
	GlobalSection(SolutionProperties) = preSolution
		HideSolutionNode = FALSE
	EndGlobalSection
EndGlobal
